
Microsoft Visual Studio Solution File, Format Version 12.00
# Visual Studio Version 17
VisualStudioVersion = 17.11.35219.272
MinimumVisualStudioVersion = 10.0.40219.1
Project("{8BC9CEB8-8B4A-11D0-8D11-00A0C91BC942}") = "OS03_05_1", "OS03_05_1\OS03_05_1.vcxproj", "{198DB498-484B-4C88-9528-E1CF91E1D4D3}"
EndProject
Global
	GlobalSection(SolutionConfigurationPlatforms) = preSolution
		Debug|x64 = Debug|x64
		Debug|x86 = Debug|x86
		Release|x64 = Release|x64
		Release|x86 = Release|x86
	EndGlobalSection
	GlobalSection(ProjectConfigurationPlatforms) = postSolution
		{198DB498-484B-4C88-9528-E1CF91E1D4D3}.Debug|x64.ActiveCfg = Debug|x64
		{198DB498-484B-4C88-9528-E1CF91E1D4D3}.Debug|x64.Build.0 = Debug|x64
		{198DB498-484B-4C88-9528-E1CF91E1D4D3}.Debug|x86.ActiveCfg = Debug|Win32
		{198DB498-484B-4C88-9528-E1CF91E1D4D3}.Debug|x86.Build.0 = Debug|Win32
		{198DB498-484B-4C88-9528-E1CF91E1D4D3}.Release|x64.ActiveCfg = Release|x64
		{198DB498-484B-4C88-9528-E1CF91E1D4D3}.Release|x64.Build.0 = Release|x64
		{198DB498-484B-4C88-9528-E1CF91E1D4D3}.Release|x86.ActiveCfg = Release|Win32
		{198DB498-484B-4C88-9528-E1CF91E1D4D3}.Release|x86.Build.0 = Release|Win32
	EndGlobalSection
	GlobalSection(SolutionProperties) = preSolution
		HideSolutionNode = FALSE
	EndGlobalSection
	GlobalSection(ExtensibilityGlobals) = postSolution
		SolutionGuid = {8A8DC827-7678-495F-841D-FDC3A6AD53D5}
	EndGlobalSection
EndGlobal
