
Microsoft Visual Studio Solution File, Format Version 12.00
# Visual Studio 15
Project("{FAE04EC0-301F-11D3-BF4B-00C04F79EFBC}") = "Assembly-CSharp-firstpass", "Assembly-CSharp-firstpass.csproj", "{820EDA64-488D-3370-5468-2FDC1F3AEAF6}"
EndProject
Project("{FAE04EC0-301F-11D3-BF4B-00C04F79EFBC}") = "Assembly-CSharp", "Assembly-CSharp.csproj", "{1DEB6469-CBE5-FF8D-BEB5-5EB7737A8E01}"
EndProject
Project("{FAE04EC0-301F-11D3-BF4B-00C04F79EFBC}") = "Assembly-CSharp-Editor-firstpass", "Assembly-CSharp-Editor-firstpass.csproj", "{2FE24EA9-7354-D0F6-B745-D242C569ADCB}"
EndProject
Global
	GlobalSection(SolutionConfigurationPlatforms) = preSolution
		Debug|Any CPU = Debug|Any CPU
		Release|Any CPU = Release|Any CPU
	EndGlobalSection
	GlobalSection(ProjectConfigurationPlatforms) = postSolution
		{820EDA64-488D-3370-5468-2FDC1F3AEAF6}.Debug|Any CPU.ActiveCfg = Debug|Any CPU
		{820EDA64-488D-3370-5468-2FDC1F3AEAF6}.Debug|Any CPU.Build.0 = Debug|Any CPU
		{820EDA64-488D-3370-5468-2FDC1F3AEAF6}.Release|Any CPU.ActiveCfg = Release|Any CPU
		{820EDA64-488D-3370-5468-2FDC1F3AEAF6}.Release|Any CPU.Build.0 = Release|Any CPU
		{1DEB6469-CBE5-FF8D-BEB5-5EB7737A8E01}.Debug|Any CPU.ActiveCfg = Debug|Any CPU
		{1DEB6469-CBE5-FF8D-BEB5-5EB7737A8E01}.Debug|Any CPU.Build.0 = Debug|Any CPU
		{1DEB6469-CBE5-FF8D-BEB5-5EB7737A8E01}.Release|Any CPU.ActiveCfg = Release|Any CPU
		{1DEB6469-CBE5-FF8D-BEB5-5EB7737A8E01}.Release|Any CPU.Build.0 = Release|Any CPU
		{2FE24EA9-7354-D0F6-B745-D242C569ADCB}.Debug|Any CPU.ActiveCfg = Debug|Any CPU
		{2FE24EA9-7354-D0F6-B745-D242C569ADCB}.Debug|Any CPU.Build.0 = Debug|Any CPU
		{2FE24EA9-7354-D0F6-B745-D242C569ADCB}.Release|Any CPU.ActiveCfg = Release|Any CPU
		{2FE24EA9-7354-D0F6-B745-D242C569ADCB}.Release|Any CPU.Build.0 = Release|Any CPU
	EndGlobalSection
	GlobalSection(SolutionProperties) = preSolution
		HideSolutionNode = FALSE
	EndGlobalSection
EndGlobal
