
Microsoft Visual Studio Solution File, Format Version 12.00
# Visual Studio Version 17
VisualStudioVersion = 17.11.35219.272
MinimumVisualStudioVersion = 10.0.40219.1
Project("{8BC9CEB8-8B4A-11D0-8D11-00A0C91BC942}") = "OS05_01", "OS05_01\OS05_01.vcxproj", "{3B6F0DF7-CC31-4921-8265-E8906BAF0EDC}"
EndProject
Global
	GlobalSection(SolutionConfigurationPlatforms) = preSolution
		Debug|x64 = Debug|x64
		Debug|x86 = Debug|x86
		Release|x64 = Release|x64
		Release|x86 = Release|x86
	EndGlobalSection
	GlobalSection(ProjectConfigurationPlatforms) = postSolution
		{3B6F0DF7-CC31-4921-8265-E8906BAF0EDC}.Debug|x64.ActiveCfg = Debug|x64
		{3B6F0DF7-CC31-4921-8265-E8906BAF0EDC}.Debug|x64.Build.0 = Debug|x64
		{3B6F0DF7-CC31-4921-8265-E8906BAF0EDC}.Debug|x86.ActiveCfg = Debug|Win32
		{3B6F0DF7-CC31-4921-8265-E8906BAF0EDC}.Debug|x86.Build.0 = Debug|Win32
		{3B6F0DF7-CC31-4921-8265-E8906BAF0EDC}.Release|x64.ActiveCfg = Release|x64
		{3B6F0DF7-CC31-4921-8265-E8906BAF0EDC}.Release|x64.Build.0 = Release|x64
		{3B6F0DF7-CC31-4921-8265-E8906BAF0EDC}.Release|x86.ActiveCfg = Release|Win32
		{3B6F0DF7-CC31-4921-8265-E8906BAF0EDC}.Release|x86.Build.0 = Release|Win32
	EndGlobalSection
	GlobalSection(SolutionProperties) = preSolution
		HideSolutionNode = FALSE
	EndGlobalSection
	GlobalSection(ExtensibilityGlobals) = postSolution
		SolutionGuid = {2BAD664D-5B14-45D2-B487-C44D95DD7CD9}
	EndGlobalSection
EndGlobal
