
Microsoft Visual Studio Solution File, Format Version 12.00
# Visual Studio Version 17
VisualStudioVersion = 17.11.35219.272
MinimumVisualStudioVersion = 10.0.40219.1
Project("{8BC9CEB8-8B4A-11D0-8D11-00A0C91BC942}") = "OS04_01", "OS04_01\OS04_01.vcxproj", "{CDCBBA09-AD7F-4D68-BE14-217E02A025D0}"
EndProject
Global
	GlobalSection(SolutionConfigurationPlatforms) = preSolution
		Debug|x64 = Debug|x64
		Debug|x86 = Debug|x86
		Release|x64 = Release|x64
		Release|x86 = Release|x86
	EndGlobalSection
	GlobalSection(ProjectConfigurationPlatforms) = postSolution
		{CDCBBA09-AD7F-4D68-BE14-217E02A025D0}.Debug|x64.ActiveCfg = Debug|x64
		{CDCBBA09-AD7F-4D68-BE14-217E02A025D0}.Debug|x64.Build.0 = Debug|x64
		{CDCBBA09-AD7F-4D68-BE14-217E02A025D0}.Debug|x86.ActiveCfg = Debug|Win32
		{CDCBBA09-AD7F-4D68-BE14-217E02A025D0}.Debug|x86.Build.0 = Debug|Win32
		{CDCBBA09-AD7F-4D68-BE14-217E02A025D0}.Release|x64.ActiveCfg = Release|x64
		{CDCBBA09-AD7F-4D68-BE14-217E02A025D0}.Release|x64.Build.0 = Release|x64
		{CDCBBA09-AD7F-4D68-BE14-217E02A025D0}.Release|x86.ActiveCfg = Release|Win32
		{CDCBBA09-AD7F-4D68-BE14-217E02A025D0}.Release|x86.Build.0 = Release|Win32
	EndGlobalSection
	GlobalSection(SolutionProperties) = preSolution
		HideSolutionNode = FALSE
	EndGlobalSection
	GlobalSection(ExtensibilityGlobals) = postSolution
		SolutionGuid = {2CB65224-3A1F-4EDE-94ED-EEA2FBA7656B}
	EndGlobalSection
EndGlobal
