
Microsoft Visual Studio Solution File, Format Version 12.00
# Visual Studio Version 17
VisualStudioVersion = 17.11.35219.272
MinimumVisualStudioVersion = 10.0.40219.1
Project("{8BC9CEB8-8B4A-11D0-8D11-00A0C91BC942}") = "Lab-05a", "Lab-05a\Lab-05a.vcxproj", "{D938C479-F568-42FF-AF84-0026B342C65A}"
EndProject
Global
	GlobalSection(SolutionConfigurationPlatforms) = preSolution
		Debug|x64 = Debug|x64
		Debug|x86 = Debug|x86
		Release|x64 = Release|x64
		Release|x86 = Release|x86
	EndGlobalSection
	GlobalSection(ProjectConfigurationPlatforms) = postSolution
		{D938C479-F568-42FF-AF84-0026B342C65A}.Debug|x64.ActiveCfg = Debug|x64
		{D938C479-F568-42FF-AF84-0026B342C65A}.Debug|x64.Build.0 = Debug|x64
		{D938C479-F568-42FF-AF84-0026B342C65A}.Debug|x86.ActiveCfg = Debug|Win32
		{D938C479-F568-42FF-AF84-0026B342C65A}.Debug|x86.Build.0 = Debug|Win32
		{D938C479-F568-42FF-AF84-0026B342C65A}.Release|x64.ActiveCfg = Release|x64
		{D938C479-F568-42FF-AF84-0026B342C65A}.Release|x64.Build.0 = Release|x64
		{D938C479-F568-42FF-AF84-0026B342C65A}.Release|x86.ActiveCfg = Release|Win32
		{D938C479-F568-42FF-AF84-0026B342C65A}.Release|x86.Build.0 = Release|Win32
	EndGlobalSection
	GlobalSection(SolutionProperties) = preSolution
		HideSolutionNode = FALSE
	EndGlobalSection
	GlobalSection(ExtensibilityGlobals) = postSolution
		SolutionGuid = {8C671F57-766F-42B2-B908-665C5B8CE98A}
	EndGlobalSection
EndGlobal
