
Microsoft Visual Studio Solution File, Format Version 12.00
# Visual Studio Version 17
VisualStudioVersion = 17.11.35219.272
MinimumVisualStudioVersion = 10.0.40219.1
Project("{FAE04EC0-301F-11D3-BF4B-00C04F79EFBC}") = "S05_02", "S05_02\S05_02.csproj", "{E12F170A-DDD3-496A-9EC1-A48577EC0947}"
EndProject
Global
	GlobalSection(SolutionConfigurationPlatforms) = preSolution
		Debug|Any CPU = Debug|Any CPU
		Release|Any CPU = Release|Any CPU
	EndGlobalSection
	GlobalSection(ProjectConfigurationPlatforms) = postSolution
		{E12F170A-DDD3-496A-9EC1-A48577EC0947}.Debug|Any CPU.ActiveCfg = Debug|Any CPU
		{E12F170A-DDD3-496A-9EC1-A48577EC0947}.Debug|Any CPU.Build.0 = Debug|Any CPU
		{E12F170A-DDD3-496A-9EC1-A48577EC0947}.Release|Any CPU.ActiveCfg = Release|Any CPU
		{E12F170A-DDD3-496A-9EC1-A48577EC0947}.Release|Any CPU.Build.0 = Release|Any CPU
	EndGlobalSection
	GlobalSection(SolutionProperties) = preSolution
		HideSolutionNode = FALSE
	EndGlobalSection
	GlobalSection(ExtensibilityGlobals) = postSolution
		SolutionGuid = {1122E157-C7FF-43A9-BF29-0A6C3D459724}
	EndGlobalSection
EndGlobal
