
Microsoft Visual Studio Solution File, Format Version 12.00
# Visual Studio Version 17
VisualStudioVersion = 17.11.35219.272
MinimumVisualStudioVersion = 10.0.40219.1
Project("{8BC9CEB8-8B4A-11D0-8D11-00A0C91BC942}") = "OS07_02", "OS07_02\OS07_02.vcxproj", "{742099FB-50D3-49FD-B1B8-615B246DBCCF}"
EndProject
Global
	GlobalSection(SolutionConfigurationPlatforms) = preSolution
		Debug|x64 = Debug|x64
		Debug|x86 = Debug|x86
		Release|x64 = Release|x64
		Release|x86 = Release|x86
	EndGlobalSection
	GlobalSection(ProjectConfigurationPlatforms) = postSolution
		{742099FB-50D3-49FD-B1B8-615B246DBCCF}.Debug|x64.ActiveCfg = Debug|x64
		{742099FB-50D3-49FD-B1B8-615B246DBCCF}.Debug|x64.Build.0 = Debug|x64
		{742099FB-50D3-49FD-B1B8-615B246DBCCF}.Debug|x86.ActiveCfg = Debug|Win32
		{742099FB-50D3-49FD-B1B8-615B246DBCCF}.Debug|x86.Build.0 = Debug|Win32
		{742099FB-50D3-49FD-B1B8-615B246DBCCF}.Release|x64.ActiveCfg = Release|x64
		{742099FB-50D3-49FD-B1B8-615B246DBCCF}.Release|x64.Build.0 = Release|x64
		{742099FB-50D3-49FD-B1B8-615B246DBCCF}.Release|x86.ActiveCfg = Release|Win32
		{742099FB-50D3-49FD-B1B8-615B246DBCCF}.Release|x86.Build.0 = Release|Win32
	EndGlobalSection
	GlobalSection(SolutionProperties) = preSolution
		HideSolutionNode = FALSE
	EndGlobalSection
	GlobalSection(ExtensibilityGlobals) = postSolution
		SolutionGuid = {0F9628A5-A606-433A-AA30-F342A038F086}
	EndGlobalSection
EndGlobal
