
Microsoft Visual Studio Solution File, Format Version 12.00
# Visual Studio Version 17
VisualStudioVersion = 17.11.35219.272
MinimumVisualStudioVersion = 10.0.40219.1
Project("{FAE04EC0-301F-11D3-BF4B-00C04F79EFBC}") = "OS08_02", "OS08_02\OS08_02.csproj", "{2F420D54-1219-46E3-BEF6-B7905E24C121}"
EndProject
Global
	GlobalSection(SolutionConfigurationPlatforms) = preSolution
		Debug|Any CPU = Debug|Any CPU
		Release|Any CPU = Release|Any CPU
	EndGlobalSection
	GlobalSection(ProjectConfigurationPlatforms) = postSolution
		{2F420D54-1219-46E3-BEF6-B7905E24C121}.Debug|Any CPU.ActiveCfg = Debug|Any CPU
		{2F420D54-1219-46E3-BEF6-B7905E24C121}.Debug|Any CPU.Build.0 = Debug|Any CPU
		{2F420D54-1219-46E3-BEF6-B7905E24C121}.Release|Any CPU.ActiveCfg = Release|Any CPU
		{2F420D54-1219-46E3-BEF6-B7905E24C121}.Release|Any CPU.Build.0 = Release|Any CPU
	EndGlobalSection
	GlobalSection(SolutionProperties) = preSolution
		HideSolutionNode = FALSE
	EndGlobalSection
	GlobalSection(ExtensibilityGlobals) = postSolution
		SolutionGuid = {5020EC1D-E5CF-43BA-B38F-8D2DE1FC6D34}
	EndGlobalSection
EndGlobal
