
Microsoft Visual Studio Solution File, Format Version 12.00
# Visual Studio Version 17
VisualStudioVersion = 17.11.35219.272
MinimumVisualStudioVersion = 10.0.40219.1
Project("{FAE04EC0-301F-11D3-BF4B-00C04F79EFBC}") = "Task_05", "Task_05\Task_05.csproj", "{C87AAF9E-BFA8-4D42-AD93-6B9F1B7EEC98}"
EndProject
Global
	GlobalSection(SolutionConfigurationPlatforms) = preSolution
		Debug|Any CPU = Debug|Any CPU
		Release|Any CPU = Release|Any CPU
	EndGlobalSection
	GlobalSection(ProjectConfigurationPlatforms) = postSolution
		{C87AAF9E-BFA8-4D42-AD93-6B9F1B7EEC98}.Debug|Any CPU.ActiveCfg = Debug|Any CPU
		{C87AAF9E-BFA8-4D42-AD93-6B9F1B7EEC98}.Debug|Any CPU.Build.0 = Debug|Any CPU
		{C87AAF9E-BFA8-4D42-AD93-6B9F1B7EEC98}.Release|Any CPU.ActiveCfg = Release|Any CPU
		{C87AAF9E-BFA8-4D42-AD93-6B9F1B7EEC98}.Release|Any CPU.Build.0 = Release|Any CPU
	EndGlobalSection
	GlobalSection(SolutionProperties) = preSolution
		HideSolutionNode = FALSE
	EndGlobalSection
	GlobalSection(ExtensibilityGlobals) = postSolution
		SolutionGuid = {2ADA4760-DFE0-403C-8930-043D0CB3A75B}
	EndGlobalSection
EndGlobal
